
Microsoft Visual Studio Solution File, Format Version 12.00
# Visual Studio 14
VisualStudioVersion = 14.0.23107.0
MinimumVisualStudioVersion = 10.0.40219.1
Project("{FAE04EC0-301F-11D3-BF4B-00C04F79EFBC}") = "Intelipost.API", "Intelipost.API\Intelipost.API.csproj", "{D27837BD-5067-4C8B-ACBF-51BD8B956737}"
EndProject
Project("{2150E333-8FDC-42A3-9474-1A3956D46DE8}") = "0 - API Layer", "0 - API Layer", "{7F7CC6AD-A8F1-4BEF-AFFA-BB07A492A398}"
EndProject
Project("{2150E333-8FDC-42A3-9474-1A3956D46DE8}") = "1 - Test Layer", "1 - Test Layer", "{21751A4A-1B09-46E4-9923-DE6455B854BB}"
	ProjectSection(SolutionItems) = preProject
		..\..\..\..\Desktop\OLD DOT NET API\api-dotnet-master\Intelipost\Intelipost.UnitTest\TestShipmentOrder.cs = ..\..\..\..\Desktop\OLD DOT NET API\api-dotnet-master\Intelipost\Intelipost.UnitTest\TestShipmentOrder.cs
	EndProjectSection
EndProject
Project("{FAE04EC0-301F-11D3-BF4B-00C04F79EFBC}") = "Intelipost.UnitTest", "Intelipost.UnitTest\Intelipost.UnitTest.csproj", "{4991225A-6CF9-4768-B066-16EA00DA60A4}"
EndProject
Global
	GlobalSection(SolutionConfigurationPlatforms) = preSolution
		Debug|Any CPU = Debug|Any CPU
		Release|Any CPU = Release|Any CPU
	EndGlobalSection
	GlobalSection(ProjectConfigurationPlatforms) = postSolution
		{D27837BD-5067-4C8B-ACBF-51BD8B956737}.Debug|Any CPU.ActiveCfg = Debug|Any CPU
		{D27837BD-5067-4C8B-ACBF-51BD8B956737}.Debug|Any CPU.Build.0 = Debug|Any CPU
		{D27837BD-5067-4C8B-ACBF-51BD8B956737}.Release|Any CPU.ActiveCfg = Release|Any CPU
		{D27837BD-5067-4C8B-ACBF-51BD8B956737}.Release|Any CPU.Build.0 = Release|Any CPU
		{D27837BD-5067-4C8B-ACBF-51BD8B956737}.Release|Any CPU.Deploy.0 = Release|Any CPU
		{4991225A-6CF9-4768-B066-16EA00DA60A4}.Debug|Any CPU.ActiveCfg = Debug|Any CPU
		{4991225A-6CF9-4768-B066-16EA00DA60A4}.Debug|Any CPU.Build.0 = Debug|Any CPU
		{4991225A-6CF9-4768-B066-16EA00DA60A4}.Release|Any CPU.ActiveCfg = Release|Any CPU
		{4991225A-6CF9-4768-B066-16EA00DA60A4}.Release|Any CPU.Build.0 = Release|Any CPU
	EndGlobalSection
	GlobalSection(SolutionProperties) = preSolution
		HideSolutionNode = FALSE
	EndGlobalSection
	GlobalSection(NestedProjects) = preSolution
		{D27837BD-5067-4C8B-ACBF-51BD8B956737} = {7F7CC6AD-A8F1-4BEF-AFFA-BB07A492A398}
		{4991225A-6CF9-4768-B066-16EA00DA60A4} = {21751A4A-1B09-46E4-9923-DE6455B854BB}
	EndGlobalSection
	GlobalSection(ExtensibilityGlobals) = postSolution
		BuildVersion_UseGlobalSettings = True
		BuildVersion_AssemblyInfoFilename = InteliPost API for .NET projects.
		BuildVersion_StartDate = 2014/8/10
		BuildVersion_UpdateFileVersion = True
		BuildVersion_UpdateAssemblyVersion = True
		BuildVersion_BuildVersioningStyle = DeltaBaseYear.DayStamp.Increment.Increment
	EndGlobalSection
EndGlobal
